
Microsoft Visual Studio Solution File, Format Version 12.00
# Visual Studio Version 17
VisualStudioVersion = 17.3.32811.315
MinimumVisualStudioVersion = 10.0.40219.1
Project("{FAE04EC0-301F-11D3-BF4B-00C04F79EFBC}") = "TestEFCoreCipher", "TestEFCoreCipher\TestEFCoreCipher.csproj", "{2C11E46C-AC2A-49EF-A916-AB99803E627C}"
EndProject
Project("{FAE04EC0-301F-11D3-BF4B-00C04F79EFBC}") = "TestEFCoreNoCipher", "TestEFCoreNoCipher\TestEFCoreNoCipher.csproj", "{390A808F-A9FE-45CB-843E-BA46B5C9ABBB}"
EndProject
Global
	GlobalSection(SolutionConfigurationPlatforms) = preSolution
		Debug|Any CPU = Debug|Any CPU
		Release|Any CPU = Release|Any CPU
	EndGlobalSection
	GlobalSection(ProjectConfigurationPlatforms) = postSolution
		{2C11E46C-AC2A-49EF-A916-AB99803E627C}.Debug|Any CPU.ActiveCfg = Debug|Any CPU
		{2C11E46C-AC2A-49EF-A916-AB99803E627C}.Debug|Any CPU.Build.0 = Debug|Any CPU
		{2C11E46C-AC2A-49EF-A916-AB99803E627C}.Release|Any CPU.ActiveCfg = Release|Any CPU
		{2C11E46C-AC2A-49EF-A916-AB99803E627C}.Release|Any CPU.Build.0 = Release|Any CPU
		{390A808F-A9FE-45CB-843E-BA46B5C9ABBB}.Debug|Any CPU.ActiveCfg = Debug|Any CPU
		{390A808F-A9FE-45CB-843E-BA46B5C9ABBB}.Debug|Any CPU.Build.0 = Debug|Any CPU
		{390A808F-A9FE-45CB-843E-BA46B5C9ABBB}.Release|Any CPU.ActiveCfg = Release|Any CPU
		{390A808F-A9FE-45CB-843E-BA46B5C9ABBB}.Release|Any CPU.Build.0 = Release|Any CPU
	EndGlobalSection
	GlobalSection(SolutionProperties) = preSolution
		HideSolutionNode = FALSE
	EndGlobalSection
	GlobalSection(ExtensibilityGlobals) = postSolution
		SolutionGuid = {DD1C8483-5973-4167-83E0-76814A8EF1CE}
	EndGlobalSection
EndGlobal
